// !$*UTF8*$!
{
	archiveVersion = 1;
	classes = {
	};
	objectVersion = 70;
	objects = {

/* Begin PBXBuildFile section */
		74A6F7C12A1B4C668E9D0010 /* AVKit.framework in Frameworks */ = {isa = PBXBuildFile; fileRef = 74A6F7C12A1B4C668E9D0011 /* AVKit.framework */; };
		AA0000000000000000000010 /* PMSKit in Frameworks */ = {isa = PBXBuildFile; productRef = AA0000000000000000000011 /* PMSKit */; };
		AA0000000000000000000021 /* PMSKit in Frameworks */ = {isa = PBXBuildFile; productRef = AA0000000000000000000011 /* PMSKit */; };
		AA0000000000000000000030 /* PMSKit in Frameworks */ = {isa = PBXBuildFile; productRef = AA0000000000000000000011 /* PMSKit */; };
		FE17B02AE28DEED386FF7287 /* PMSKit in Frameworks */ = {isa = PBXBuildFile; productRef = AA0000000000000000000011 /* PMSKit */; };
/* End PBXBuildFile section */

/* Begin PBXContainerItemProxy section */
		2D154884BF249934565864F3 /* PBXContainerItemProxy */ = {
			isa = PBXContainerItemProxy;
			containerPortal = AA0000000000000000000001 /* Project object */;
			proxyType = 1;
			remoteGlobalIDString = 08BB83012E40DA7982254087;
			remoteInfo = LabstreamTV;
		};
		AA0000000000000000000049 /* PBXContainerItemProxy */ = {
			isa = PBXContainerItemProxy;
			containerPortal = AA0000000000000000000001 /* Project object */;
			proxyType = 1;
			remoteGlobalIDString = AA0000000000000000000025;
			remoteInfo = LabstreamMobile;
		};
		AA000000000000000000004A /* PBXContainerItemProxy */ = {
			isa = PBXContainerItemProxy;
			containerPortal = AA0000000000000000000001 /* Project object */;
			proxyType = 1;
			remoteGlobalIDString = AA0000000000000000000035;
			remoteInfo = LabstreamMac;
		};
		AA0000000000000000000076 /* PBXContainerItemProxy */ = {
			isa = PBXContainerItemProxy;
			containerPortal = AA0000000000000000000001 /* Project object */;
			proxyType = 1;
			remoteGlobalIDString = AA0000000000000000000025;
			remoteInfo = LabstreamMobile;
		};
		D5EBFEDD66FDDE731BA4DCD5 /* PBXContainerItemProxy */ = {
			isa = PBXContainerItemProxy;
			containerPortal = AA0000000000000000000001 /* Project object */;
			proxyType = 1;
			remoteGlobalIDString = 08BB83012E40DA7982254087;
			remoteInfo = LabstreamTV;
		};
/* End PBXContainerItemProxy section */

/* Begin PBXFileReference section */
		3BACD17B3F519B4A69AECCC5 /* LabstreamTVTests.xctest */ = {isa = PBXFileReference; explicitFileType = wrapper.cfbundle; includeInIndex = 0; path = LabstreamTVTests.xctest; sourceTree = BUILT_PRODUCTS_DIR; };
		74A6F7C12A1B4C668E9D0011 /* AVKit.framework */ = {isa = PBXFileReference; lastKnownFileType = wrapper.framework; name = AVKit.framework; path = System/Library/Frameworks/AVKit.framework; sourceTree = SDKROOT; };
		82636F4F72B65C69461F9642 /* LabstreamTVUITests.xctest */ = {isa = PBXFileReference; explicitFileType = wrapper.cfbundle; includeInIndex = 0; path = LabstreamTVUITests.xctest; sourceTree = BUILT_PRODUCTS_DIR; };
		87D665784A1BD8FCD02EF77C /* Labstream.app */ = {isa = PBXFileReference; explicitFileType = wrapper.application; includeInIndex = 0; path = Labstream.app; sourceTree = BUILT_PRODUCTS_DIR; };
		AA0000000000000000000005 /* Labstream.app */ = {isa = PBXFileReference; explicitFileType = wrapper.application; includeInIndex = 0; path = Labstream.app; sourceTree = BUILT_PRODUCTS_DIR; };
		AA0000000000000000000013 /* Signing.xcconfig */ = {isa = PBXFileReference; lastKnownFileType = text.xcconfig; path = Signing.xcconfig; sourceTree = "<group>"; };
		AA0000000000000000000020 /* Labstream.app */ = {isa = PBXFileReference; explicitFileType = wrapper.application; includeInIndex = 0; path = Labstream.app; sourceTree = BUILT_PRODUCTS_DIR; };
		AA0000000000000000000031 /* Labstream.app */ = {isa = PBXFileReference; explicitFileType = wrapper.application; includeInIndex = 0; path = Labstream.app; sourceTree = BUILT_PRODUCTS_DIR; };
		AA0000000000000000000041 /* LabstreamTests.xctest */ = {isa = PBXFileReference; explicitFileType = wrapper.cfbundle; includeInIndex = 0; path = LabstreamTests.xctest; sourceTree = BUILT_PRODUCTS_DIR; };
		AA0000000000000000000051 /* LabstreamMacTests.xctest */ = {isa = PBXFileReference; explicitFileType = wrapper.cfbundle; includeInIndex = 0; path = LabstreamMacTests.xctest; sourceTree = BUILT_PRODUCTS_DIR; };
		AA0000000000000000000072 /* LabstreamMobileUITests.xctest */ = {isa = PBXFileReference; explicitFileType = wrapper.cfbundle; includeInIndex = 0; path = LabstreamMobileUITests.xctest; sourceTree = BUILT_PRODUCTS_DIR; };
/* End PBXFileReference section */

/* Begin PBXFileSystemSynchronizedBuildFileExceptionSet section */
		AA0000000000000000000060 /* PBXFileSystemSynchronizedBuildFileExceptionSet */ = {
			isa = PBXFileSystemSynchronizedBuildFileExceptionSet;
			membershipExceptions = (
				BackgroundCompletionPersistenceBarrierTests.swift,
				BackgroundDownloadCompletionRegistryTests.swift,
				BackgroundDownloadStartupAdmissionTests.swift,
				DeferredDownloadStartupActivationTests.swift,
				DownloadArtifactLifecycleTests.swift,
				DownloadCleanupIntentJournalTests.swift,
				DownloadCleanupOrderingTests.swift,
				DownloadFileStatTests.swift,
				DownloadIndexFileCommitterTests.swift,
				DownloadSignOutPauseTests.swift,
				DownloadStoreAttemptOwnedCheckpointTests.swift,
				DownloadStoreAttemptStagingTests.swift,
				DownloadStoreFaultInjectionTests.swift,
				DownloadStoreLookupTests.swift,
				DownloadStorePersistenceTests.swift,
				DownloadVolumeFreeSpaceTests.swift,
				DownloadWorkRegistryTests.swift,
				EmbyCleanupTombstonePersistenceTests.swift,
				RevisionedPersistenceWriterTests.swift,
				SideAssetFetchCoordinatorTests.swift,
			);
			target = 1C671135434BAB92288B1C40 /* LabstreamTVTests */;
		};
/* End PBXFileSystemSynchronizedBuildFileExceptionSet section */

/* Begin PBXFileSystemSynchronizedRootGroup section */
		9740A1E22E5FACDBEAB15AEC /* LabstreamTVUITests */ = {isa = PBXFileSystemSynchronizedRootGroup; explicitFileTypes = {}; explicitFolders = (); path = LabstreamTVUITests; sourceTree = "<group>"; };
		AA0000000000000000000006 /* Labstream/Shared */ = {isa = PBXFileSystemSynchronizedRootGroup; explicitFileTypes = {}; explicitFolders = (); path = Labstream/Shared; sourceTree = "<group>"; };
		AA0000000000000000000042 /* LabstreamTests */ = {isa = PBXFileSystemSynchronizedRootGroup; exceptions = (AA0000000000000000000060 /* PBXFileSystemSynchronizedBuildFileExceptionSet */, ); explicitFileTypes = {}; explicitFolders = (); path = LabstreamTests; sourceTree = "<group>"; };
		AA0000000000000000000061 /* Labstream/Platforms/visionOS */ = {isa = PBXFileSystemSynchronizedRootGroup; explicitFileTypes = {}; explicitFolders = (); path = Labstream/Platforms/visionOS; sourceTree = "<group>"; };
		AA0000000000000000000062 /* Labstream/Platforms/Mobile */ = {isa = PBXFileSystemSynchronizedRootGroup; explicitFileTypes = {}; explicitFolders = (); path = Labstream/Platforms/Mobile; sourceTree = "<group>"; };
		AA0000000000000000000063 /* Labstream/Platforms/macOS */ = {isa = PBXFileSystemSynchronizedRootGroup; explicitFileTypes = {}; explicitFolders = (); path = Labstream/Platforms/macOS; sourceTree = "<group>"; };
		AA0000000000000000000064 /* Labstream/Platforms/tvOS */ = {isa = PBXFileSystemSynchronizedRootGroup; explicitFileTypes = {}; explicitFolders = (); path = Labstream/Platforms/tvOS; sourceTree = "<group>"; };
		AA0000000000000000000065 /* Labstream/Capabilities/Downloads */ = {isa = PBXFileSystemSynchronizedRootGroup; explicitFileTypes = {}; explicitFolders = (); path = Labstream/Capabilities/Downloads; sourceTree = "<group>"; };
		AA0000000000000000000071 /* LabstreamMobileUITests */ = {isa = PBXFileSystemSynchronizedRootGroup; explicitFileTypes = {}; explicitFolders = (); path = LabstreamMobileUITests; sourceTree = "<group>"; };
/* End PBXFileSystemSynchronizedRootGroup section */

/* Begin PBXFrameworksBuildPhase section */
		1218D4133F9E32201446C05B /* Frameworks */ = {
			isa = PBXFrameworksBuildPhase;
			buildActionMask = 2147483647;
			files = (
			);
			runOnlyForDeploymentPostprocessing = 0;
		};
		AA000000000000000000000E /* Frameworks */ = {
			isa = PBXFrameworksBuildPhase;
			buildActionMask = 2147483647;
			files = (
				AA0000000000000000000010 /* PMSKit in Frameworks */,
			);
			runOnlyForDeploymentPostprocessing = 0;
		};
		AA0000000000000000000022 /* Frameworks */ = {
			isa = PBXFrameworksBuildPhase;
			buildActionMask = 2147483647;
			files = (
				AA0000000000000000000021 /* PMSKit in Frameworks */,
			);
			runOnlyForDeploymentPostprocessing = 0;
		};
		AA0000000000000000000032 /* Frameworks */ = {
			isa = PBXFrameworksBuildPhase;
			buildActionMask = 2147483647;
			files = (
				AA0000000000000000000030 /* PMSKit in Frameworks */,
			);
			runOnlyForDeploymentPostprocessing = 0;
		};
		AA0000000000000000000044 /* Frameworks */ = {
			isa = PBXFrameworksBuildPhase;
			buildActionMask = 2147483647;
			files = (
			);
			runOnlyForDeploymentPostprocessing = 0;
		};
		AA0000000000000000000053 /* Frameworks */ = {
			isa = PBXFrameworksBuildPhase;
			buildActionMask = 2147483647;
			files = (
			);
			runOnlyForDeploymentPostprocessing = 0;
		};
		B6F99A6456340635836A00DF /* Frameworks */ = {
			isa = PBXFrameworksBuildPhase;
			buildActionMask = 2147483647;
			files = (
			);
			runOnlyForDeploymentPostprocessing = 0;
		};
		DE35654C3F17DC15D93BD6D0 /* Frameworks */ = {
			isa = PBXFrameworksBuildPhase;
			buildActionMask = 2147483647;
			files = (
				74A6F7C12A1B4C668E9D0010 /* AVKit.framework in Frameworks */,
				FE17B02AE28DEED386FF7287 /* PMSKit in Frameworks */,
			);
			runOnlyForDeploymentPostprocessing = 0;
		};
		AA0000000000000000000074 /* Frameworks */ = {
			isa = PBXFrameworksBuildPhase;
			buildActionMask = 2147483647;
			files = (
			);
			runOnlyForDeploymentPostprocessing = 0;
		};
/* End PBXFrameworksBuildPhase section */

/* Begin PBXGroup section */
		6987DCCD3012066E006B9811 /* Recovered References */ = {
			isa = PBXGroup;
			children = (
				74A6F7C12A1B4C668E9D0011 /* AVKit.framework */,
			);
			name = "Recovered References";
			sourceTree = "<group>";
		};
		AA0000000000000000000002 = {
			isa = PBXGroup;
			children = (
				AA0000000000000000000013 /* Signing.xcconfig */,
				AA0000000000000000000006 /* Labstream/Shared */,
				AA0000000000000000000065 /* Labstream/Capabilities/Downloads */,
				AA0000000000000000000061 /* Labstream/Platforms/visionOS */,
				AA0000000000000000000062 /* Labstream/Platforms/Mobile */,
				AA0000000000000000000063 /* Labstream/Platforms/macOS */,
				AA0000000000000000000064 /* Labstream/Platforms/tvOS */,
				AA0000000000000000000042 /* LabstreamTests */,
				AA0000000000000000000003 /* Products */,
				9740A1E22E5FACDBEAB15AEC /* LabstreamTVUITests */,
				AA0000000000000000000071 /* LabstreamMobileUITests */,
				6987DCCD3012066E006B9811 /* Recovered References */,
			);
			sourceTree = "<group>";
		};
		AA0000000000000000000003 /* Products */ = {
			isa = PBXGroup;
			children = (
				AA0000000000000000000005 /* Labstream.app */,
				AA0000000000000000000020 /* Labstream.app */,
				AA0000000000000000000031 /* Labstream.app */,
				AA0000000000000000000041 /* LabstreamTests.xctest */,
				AA0000000000000000000051 /* LabstreamMacTests.xctest */,
				87D665784A1BD8FCD02EF77C /* Labstream.app */,
				3BACD17B3F519B4A69AECCC5 /* LabstreamTVTests.xctest */,
				82636F4F72B65C69461F9642 /* LabstreamTVUITests.xctest */,
				AA0000000000000000000072 /* LabstreamMobileUITests.xctest */,
			);
			name = Products;
			sourceTree = "<group>";
		};
/* End PBXGroup section */

/* Begin PBXNativeTarget section */
		08BB83012E40DA7982254087 /* LabstreamTV */ = {
			isa = PBXNativeTarget;
			buildConfigurationList = 1F735C8C309C0B366CAE09F6 /* Build configuration list for PBXNativeTarget "LabstreamTV" */;
			buildPhases = (
				5B5FBA8BB387F738CC901518 /* Sources */,
				DE35654C3F17DC15D93BD6D0 /* Frameworks */,
				84CDB5E587454D535F57C8E7 /* Resources */,
			);
			buildRules = (
			);
			dependencies = (
			);
			fileSystemSynchronizedGroups = (
				AA0000000000000000000006 /* Labstream/Shared */,
				AA0000000000000000000064 /* Labstream/Platforms/tvOS */,
			);
			name = LabstreamTV;
			packageProductDependencies = (
				AA0000000000000000000011 /* PMSKit */,
			);
			productName = Labstream;
			productReference = 87D665784A1BD8FCD02EF77C /* Labstream.app */;
			productType = "com.apple.product-type.application";
		};
		1C671135434BAB92288B1C40 /* LabstreamTVTests */ = {
			isa = PBXNativeTarget;
			buildConfigurationList = F73B9B138F4C4F880B15A1D2 /* Build configuration list for PBXNativeTarget "LabstreamTVTests" */;
			buildPhases = (
				A0872625C349BD65A68D53F2 /* Sources */,
				1218D4133F9E32201446C05B /* Frameworks */,
				0710F28B51C93C1CBADF4E53 /* Resources */,
			);
			buildRules = (
			);
			dependencies = (
				2B830FDDDF7001E1D811B0B5 /* PBXTargetDependency */,
			);
			fileSystemSynchronizedGroups = (
				AA0000000000000000000042 /* LabstreamTests */,
			);
			name = LabstreamTVTests;
			packageProductDependencies = (
			);
			productName = LabstreamTVTests;
			productReference = 3BACD17B3F519B4A69AECCC5 /* LabstreamTVTests.xctest */;
			productType = "com.apple.product-type.bundle.unit-test";
		};
		A635D3631C20FC5BD7D78D94 /* LabstreamTVUITests */ = {
			isa = PBXNativeTarget;
			buildConfigurationList = A28004A7BA04525729A64665 /* Build configuration list for PBXNativeTarget "LabstreamTVUITests" */;
			buildPhases = (
				683B834BE6260C49EB53F793 /* Sources */,
				B6F99A6456340635836A00DF /* Frameworks */,
				2B094E11DA0F2CD852351FE0 /* Resources */,
			);
			buildRules = (
			);
			dependencies = (
				89E265F429949F169BBBD1A8 /* PBXTargetDependency */,
			);
			fileSystemSynchronizedGroups = (
				9740A1E22E5FACDBEAB15AEC /* LabstreamTVUITests */,
			);
			name = LabstreamTVUITests;
			packageProductDependencies = (
			);
			productName = LabstreamTVUITests;
			productReference = 82636F4F72B65C69461F9642 /* LabstreamTVUITests.xctest */;
			productType = "com.apple.product-type.bundle.ui-testing";
		};
		AA0000000000000000000070 /* LabstreamMobileUITests */ = {
			isa = PBXNativeTarget;
			buildConfigurationList = AA0000000000000000000078 /* Build configuration list for PBXNativeTarget "LabstreamMobileUITests" */;
			buildPhases = (
				AA0000000000000000000073 /* Sources */,
				AA0000000000000000000074 /* Frameworks */,
				AA0000000000000000000075 /* Resources */,
			);
			buildRules = (
			);
			dependencies = (
				AA0000000000000000000077 /* PBXTargetDependency */,
			);
			fileSystemSynchronizedGroups = (
				AA0000000000000000000071 /* LabstreamMobileUITests */,
			);
			name = LabstreamMobileUITests;
			packageProductDependencies = (
			);
			productName = LabstreamMobileUITests;
			productReference = AA0000000000000000000072 /* LabstreamMobileUITests.xctest */;
			productType = "com.apple.product-type.bundle.ui-testing";
		};
		AA0000000000000000000004 /* Labstream */ = {
			isa = PBXNativeTarget;
			buildConfigurationList = AA0000000000000000000008 /* Build configuration list for PBXNativeTarget "Labstream" */;
			buildPhases = (
				AA000000000000000000000D /* Sources */,
				AA000000000000000000000E /* Frameworks */,
				AA000000000000000000000F /* Resources */,
			);
			buildRules = (
			);
			dependencies = (
			);
			fileSystemSynchronizedGroups = (
				AA0000000000000000000006 /* Labstream/Shared */,
				AA0000000000000000000061 /* Labstream/Platforms/visionOS */,
				AA0000000000000000000065 /* Labstream/Capabilities/Downloads */,
			);
			name = Labstream;
			packageProductDependencies = (
				AA0000000000000000000011 /* PMSKit */,
			);
			productName = Labstream;
			productReference = AA0000000000000000000005 /* Labstream.app */;
			productType = "com.apple.product-type.application";
		};
		AA0000000000000000000025 /* LabstreamMobile */ = {
			isa = PBXNativeTarget;
			buildConfigurationList = AA0000000000000000000026 /* Build configuration list for PBXNativeTarget "LabstreamMobile" */;
			buildPhases = (
				AA0000000000000000000023 /* Sources */,
				AA0000000000000000000022 /* Frameworks */,
				AA0000000000000000000024 /* Resources */,
			);
			buildRules = (
			);
			dependencies = (
			);
			fileSystemSynchronizedGroups = (
				AA0000000000000000000006 /* Labstream/Shared */,
				AA0000000000000000000062 /* Labstream/Platforms/Mobile */,
				AA0000000000000000000065 /* Labstream/Capabilities/Downloads */,
			);
			name = LabstreamMobile;
			packageProductDependencies = (
				AA0000000000000000000011 /* PMSKit */,
			);
			productName = Labstream;
			productReference = AA0000000000000000000020 /* Labstream.app */;
			productType = "com.apple.product-type.application";
		};
		AA0000000000000000000035 /* LabstreamMac */ = {
			isa = PBXNativeTarget;
			buildConfigurationList = AA0000000000000000000036 /* Build configuration list for PBXNativeTarget "LabstreamMac" */;
			buildPhases = (
				AA0000000000000000000033 /* Sources */,
				AA0000000000000000000032 /* Frameworks */,
				AA0000000000000000000034 /* Resources */,
			);
			buildRules = (
			);
			dependencies = (
			);
			fileSystemSynchronizedGroups = (
				AA0000000000000000000006 /* Labstream/Shared */,
				AA0000000000000000000063 /* Labstream/Platforms/macOS */,
				AA0000000000000000000065 /* Labstream/Capabilities/Downloads */,
			);
			name = LabstreamMac;
			packageProductDependencies = (
				AA0000000000000000000011 /* PMSKit */,
			);
			productName = Labstream;
			productReference = AA0000000000000000000031 /* Labstream.app */;
			productType = "com.apple.product-type.application";
		};
		AA0000000000000000000040 /* LabstreamTests */ = {
			isa = PBXNativeTarget;
			buildConfigurationList = AA0000000000000000000048 /* Build configuration list for PBXNativeTarget "LabstreamTests" */;
			buildPhases = (
				AA0000000000000000000043 /* Sources */,
				AA0000000000000000000044 /* Frameworks */,
				AA0000000000000000000045 /* Resources */,
			);
			buildRules = (
			);
			dependencies = (
				AA000000000000000000004B /* PBXTargetDependency */,
			);
			fileSystemSynchronizedGroups = (
				AA0000000000000000000042 /* LabstreamTests */,
			);
			name = LabstreamTests;
			packageProductDependencies = (
			);
			productName = LabstreamTests;
			productReference = AA0000000000000000000041 /* LabstreamTests.xctest */;
			productType = "com.apple.product-type.bundle.unit-test";
		};
		AA0000000000000000000050 /* LabstreamMacTests */ = {
			isa = PBXNativeTarget;
			buildConfigurationList = AA0000000000000000000058 /* Build configuration list for PBXNativeTarget "LabstreamMacTests" */;
			buildPhases = (
				AA0000000000000000000052 /* Sources */,
				AA0000000000000000000053 /* Frameworks */,
				AA0000000000000000000054 /* Resources */,
			);
			buildRules = (
			);
			dependencies = (
				AA000000000000000000004C /* PBXTargetDependency */,
			);
			fileSystemSynchronizedGroups = (
				AA0000000000000000000042 /* LabstreamTests */,
			);
			name = LabstreamMacTests;
			packageProductDependencies = (
			);
			productName = LabstreamMacTests;
			productReference = AA0000000000000000000051 /* LabstreamMacTests.xctest */;
			productType = "com.apple.product-type.bundle.unit-test";
		};
/* End PBXNativeTarget section */

/* Begin PBXProject section */
		AA0000000000000000000001 /* Project object */ = {
			isa = PBXProject;
			attributes = {
				BuildIndependentTargetsInParallel = 1;
				LastSwiftUpdateCheck = 2650;
				LastUpgradeCheck = 2700;
				TargetAttributes = {
					08BB83012E40DA7982254087 = {
						CreatedOnToolsVersion = 27.0;
					};
					AA0000000000000000000004 = {
						CreatedOnToolsVersion = 26.5;
					};
					AA0000000000000000000025 = {
						CreatedOnToolsVersion = 26.5;
					};
					AA0000000000000000000035 = {
						CreatedOnToolsVersion = 26.5;
					};
					AA0000000000000000000040 = {
						CreatedOnToolsVersion = 26.5;
					};
					AA0000000000000000000050 = {
						CreatedOnToolsVersion = 26.5;
					};
				};
			};
			buildConfigurationList = AA0000000000000000000007 /* Build configuration list for PBXProject "Labstream" */;
			compatibilityVersion = "Xcode 15.0";
			developmentRegion = en;
			hasScannedForEncodings = 0;
			knownRegions = (
				en,
				Base,
			);
			mainGroup = AA0000000000000000000002;
			minimizedProjectReferenceProxies = 1;
			packageReferences = (
				AA0000000000000000000012 /* XCLocalSwiftPackageReference "PMSKit" */,
			);
			productRefGroup = AA0000000000000000000003 /* Products */;
			projectDirPath = "";
			projectRoot = "";
			targets = (
				AA0000000000000000000004 /* Labstream */,
				AA0000000000000000000025 /* LabstreamMobile */,
				AA0000000000000000000035 /* LabstreamMac */,
				AA0000000000000000000040 /* LabstreamTests */,
				AA0000000000000000000050 /* LabstreamMacTests */,
				08BB83012E40DA7982254087 /* LabstreamTV */,
				1C671135434BAB92288B1C40 /* LabstreamTVTests */,
				A635D3631C20FC5BD7D78D94 /* LabstreamTVUITests */,
				AA0000000000000000000070 /* LabstreamMobileUITests */,
			);
		};
/* End PBXProject section */

/* Begin PBXResourcesBuildPhase section */
		0710F28B51C93C1CBADF4E53 /* Resources */ = {
			isa = PBXResourcesBuildPhase;
			buildActionMask = 2147483647;
			files = (
			);
			runOnlyForDeploymentPostprocessing = 0;
		};
		2B094E11DA0F2CD852351FE0 /* Resources */ = {
			isa = PBXResourcesBuildPhase;
			buildActionMask = 2147483647;
			files = (
			);
			runOnlyForDeploymentPostprocessing = 0;
		};
		84CDB5E587454D535F57C8E7 /* Resources */ = {
			isa = PBXResourcesBuildPhase;
			buildActionMask = 2147483647;
			files = (
			);
			runOnlyForDeploymentPostprocessing = 0;
		};
		AA000000000000000000000F /* Resources */ = {
			isa = PBXResourcesBuildPhase;
			buildActionMask = 2147483647;
			files = (
			);
			runOnlyForDeploymentPostprocessing = 0;
		};
		AA0000000000000000000024 /* Resources */ = {
			isa = PBXResourcesBuildPhase;
			buildActionMask = 2147483647;
			files = (
			);
			runOnlyForDeploymentPostprocessing = 0;
		};
		AA0000000000000000000034 /* Resources */ = {
			isa = PBXResourcesBuildPhase;
			buildActionMask = 2147483647;
			files = (
			);
			runOnlyForDeploymentPostprocessing = 0;
		};
		AA0000000000000000000045 /* Resources */ = {
			isa = PBXResourcesBuildPhase;
			buildActionMask = 2147483647;
			files = (
			);
			runOnlyForDeploymentPostprocessing = 0;
		};
		AA0000000000000000000054 /* Resources */ = {
			isa = PBXResourcesBuildPhase;
			buildActionMask = 2147483647;
			files = (
			);
			runOnlyForDeploymentPostprocessing = 0;
		};
		AA0000000000000000000075 /* Resources */ = {
			isa = PBXResourcesBuildPhase;
			buildActionMask = 2147483647;
			files = (
			);
			runOnlyForDeploymentPostprocessing = 0;
		};
/* End PBXResourcesBuildPhase section */

/* Begin PBXSourcesBuildPhase section */
		5B5FBA8BB387F738CC901518 /* Sources */ = {
			isa = PBXSourcesBuildPhase;
			buildActionMask = 2147483647;
			files = (
			);
			runOnlyForDeploymentPostprocessing = 0;
		};
		683B834BE6260C49EB53F793 /* Sources */ = {
			isa = PBXSourcesBuildPhase;
			buildActionMask = 2147483647;
			files = (
			);
			runOnlyForDeploymentPostprocessing = 0;
		};
		A0872625C349BD65A68D53F2 /* Sources */ = {
			isa = PBXSourcesBuildPhase;
			buildActionMask = 2147483647;
			files = (
			);
			runOnlyForDeploymentPostprocessing = 0;
		};
		AA000000000000000000000D /* Sources */ = {
			isa = PBXSourcesBuildPhase;
			buildActionMask = 2147483647;
			files = (
			);
			runOnlyForDeploymentPostprocessing = 0;
		};
		AA0000000000000000000023 /* Sources */ = {
			isa = PBXSourcesBuildPhase;
			buildActionMask = 2147483647;
			files = (
			);
			runOnlyForDeploymentPostprocessing = 0;
		};
		AA0000000000000000000033 /* Sources */ = {
			isa = PBXSourcesBuildPhase;
			buildActionMask = 2147483647;
			files = (
			);
			runOnlyForDeploymentPostprocessing = 0;
		};
		AA0000000000000000000043 /* Sources */ = {
			isa = PBXSourcesBuildPhase;
			buildActionMask = 2147483647;
			files = (
			);
			runOnlyForDeploymentPostprocessing = 0;
		};
		AA0000000000000000000052 /* Sources */ = {
			isa = PBXSourcesBuildPhase;
			buildActionMask = 2147483647;
			files = (
			);
			runOnlyForDeploymentPostprocessing = 0;
		};
		AA0000000000000000000073 /* Sources */ = {
			isa = PBXSourcesBuildPhase;
			buildActionMask = 2147483647;
			files = (
			);
			runOnlyForDeploymentPostprocessing = 0;
		};
/* End PBXSourcesBuildPhase section */

/* Begin PBXTargetDependency section */
		2B830FDDDF7001E1D811B0B5 /* PBXTargetDependency */ = {
			isa = PBXTargetDependency;
			name = LabstreamTV;
			target = 08BB83012E40DA7982254087 /* LabstreamTV */;
			targetProxy = 2D154884BF249934565864F3 /* PBXContainerItemProxy */;
		};
		89E265F429949F169BBBD1A8 /* PBXTargetDependency */ = {
			isa = PBXTargetDependency;
			name = LabstreamTV;
			target = 08BB83012E40DA7982254087 /* LabstreamTV */;
			targetProxy = D5EBFEDD66FDDE731BA4DCD5 /* PBXContainerItemProxy */;
		};
		AA000000000000000000004B /* PBXTargetDependency */ = {
			isa = PBXTargetDependency;
			target = AA0000000000000000000025 /* LabstreamMobile */;
			targetProxy = AA0000000000000000000049 /* PBXContainerItemProxy */;
		};
		AA000000000000000000004C /* PBXTargetDependency */ = {
			isa = PBXTargetDependency;
			target = AA0000000000000000000035 /* LabstreamMac */;
			targetProxy = AA000000000000000000004A /* PBXContainerItemProxy */;
		};
		AA0000000000000000000077 /* PBXTargetDependency */ = {
			isa = PBXTargetDependency;
			target = AA0000000000000000000025 /* LabstreamMobile */;
			targetProxy = AA0000000000000000000076 /* PBXContainerItemProxy */;
		};
/* End PBXTargetDependency section */

/* Begin XCBuildConfiguration section */
		282248E2CE0037B1DFE0BE2B /* Release */ = {
			isa = XCBuildConfiguration;
			buildSettings = {
				CODE_SIGN_STYLE = Automatic;
				GENERATE_INFOPLIST_FILE = YES;
				PRODUCT_BUNDLE_IDENTIFIER = com.jlipworth.LabstreamTVUITests;
				PRODUCT_NAME = "$(TARGET_NAME)";
				SDKROOT = appletvos;
				SUPPORTED_PLATFORMS = appletvsimulator;
				SWIFT_VERSION = 6.0;
				TARGETED_DEVICE_FAMILY = 3;
				TEST_TARGET_NAME = LabstreamTV;
				TVOS_DEPLOYMENT_TARGET = 26.0;
				VALIDATE_PRODUCT = YES;
			};
			name = Release;
		};
		6987E1C83012066E006B9811 /* PerformanceAudit */ = {
			isa = XCBuildConfiguration;
			buildSettings = {
				PRODUCT_NAME = LabstreamTests;
			};
			name = PerformanceAudit;
		};
		6987E1C93012066E006B9811 /* PerformanceAudit */ = {
			isa = XCBuildConfiguration;
			buildSettings = {
				PRODUCT_NAME = LabstreamMacTests;
			};
			name = PerformanceAudit;
		};
		6987E1CA3012066E006B9811 /* PerformanceAudit */ = {
			isa = XCBuildConfiguration;
			buildSettings = {
				PRODUCT_NAME = LabstreamTVTests;
			};
			name = PerformanceAudit;
		};
		6987E1CB3012066E006B9811 /* PerformanceAudit */ = {
			isa = XCBuildConfiguration;
			buildSettings = {
				PRODUCT_NAME = LabstreamTVUITests;
			};
			name = PerformanceAudit;
		};
		AA0000000000000000000009 /* Debug */ = {
			isa = XCBuildConfiguration;
			buildSettings = {
				ALWAYS_SEARCH_USER_PATHS = NO;
				ASSETCATALOG_COMPILER_GENERATE_SWIFT_ASSET_SYMBOL_EXTENSIONS = YES;
				CLANG_ANALYZER_NONNULL = YES;
				CLANG_ANALYZER_NUMBER_OBJECT_CONVERSION = YES_AGGRESSIVE;
				CLANG_ENABLE_MODULES = YES;
				CLANG_ENABLE_OBJC_ARC = YES;
				CLANG_ENABLE_OBJC_WEAK = YES;
				CLANG_WARN_BLOCK_CAPTURE_AUTORELEASING = YES;
				CLANG_WARN_BOOL_CONVERSION = YES;
				CLANG_WARN_COMMA = YES;
				CLANG_WARN_CONSTANT_CONVERSION = YES;
				CLANG_WARN_DEPRECATED_OBJC_IMPLEMENTATIONS = YES;
				CLANG_WARN_DIRECT_OBJC_ISA_USAGE = YES_ERROR;
				CLANG_WARN_DOCUMENTATION_COMMENTS = YES;
				CLANG_WARN_EMPTY_BODY = YES;
				CLANG_WARN_ENUM_CONVERSION = YES;
				CLANG_WARN_INFINITE_RECURSION = YES;
				CLANG_WARN_INT_CONVERSION = YES;
				CLANG_WARN_NON_LITERAL_NULL_CONVERSION = YES;
				CLANG_WARN_OBJC_IMPLICIT_RETAIN_SELF = YES;
				CLANG_WARN_OBJC_LITERAL_CONVERSION = YES;
				CLANG_WARN_OBJC_ROOT_CLASS = YES_ERROR;
				CLANG_WARN_QUOTED_INCLUDE_IN_FRAMEWORK_HEADER = YES;
				CLANG_WARN_RANGE_LOOP_ANALYSIS = YES;
				CLANG_WARN_STRICT_PROTOTYPES = YES;
				CLANG_WARN_SUSPICIOUS_MOVE = YES;
				CLANG_WARN_UNGUARDED_AVAILABILITY = YES_AGGRESSIVE;
				CLANG_WARN_UNREACHABLE_CODE = YES;
				CLANG_WARN__DUPLICATE_METHOD_MATCH = YES;
				COPY_PHASE_STRIP = NO;
				DEBUG_INFORMATION_FORMAT = dwarf;
				ENABLE_STRICT_OBJC_MSGSEND = YES;
				ENABLE_TESTABILITY = YES;
				ENABLE_USER_SCRIPT_SANDBOXING = YES;
				GCC_C_LANGUAGE_STANDARD = gnu17;
				GCC_DYNAMIC_NO_PIC = NO;
				GCC_NO_COMMON_BLOCKS = YES;
				GCC_OPTIMIZATION_LEVEL = 0;
				GCC_PREPROCESSOR_DEFINITIONS = (
					"DEBUG=1",
					"$(inherited)",
				);
				GCC_WARN_64_TO_32_BIT_CONVERSION = YES;
				GCC_WARN_ABOUT_RETURN_TYPE = YES_ERROR;
				GCC_WARN_UNDECLARED_SELECTOR = YES;
				GCC_WARN_UNINITIALIZED_AUTOS = YES_AGGRESSIVE;
				GCC_WARN_UNUSED_FUNCTION = YES;
				GCC_WARN_UNUSED_VARIABLE = YES;
				LOCALIZATION_PREFERS_STRING_CATALOGS = YES;
				MTL_ENABLE_DEBUG_INFO = INCLUDE_SOURCE;
				MTL_FAST_MATH = YES;
				ONLY_ACTIVE_ARCH = YES;
				SDKROOT = xros;
				STRING_CATALOG_GENERATE_SYMBOLS = YES;
				SWIFT_ACTIVE_COMPILATION_CONDITIONS = "DEBUG $(inherited)";
				SWIFT_OPTIMIZATION_LEVEL = "-Onone";
				SWIFT_VERSION = 6.0;
				XROS_DEPLOYMENT_TARGET = 26.0;
			};
			name = Debug;
		};
		AA000000000000000000000A /* Release */ = {
			isa = XCBuildConfiguration;
			buildSettings = {
				ALWAYS_SEARCH_USER_PATHS = NO;
				ASSETCATALOG_COMPILER_GENERATE_SWIFT_ASSET_SYMBOL_EXTENSIONS = YES;
				CLANG_ANALYZER_NONNULL = YES;
				CLANG_ANALYZER_NUMBER_OBJECT_CONVERSION = YES_AGGRESSIVE;
				CLANG_ENABLE_MODULES = YES;
				CLANG_ENABLE_OBJC_ARC = YES;
				CLANG_ENABLE_OBJC_WEAK = YES;
				CLANG_WARN_BLOCK_CAPTURE_AUTORELEASING = YES;
				CLANG_WARN_BOOL_CONVERSION = YES;
				CLANG_WARN_COMMA = YES;
				CLANG_WARN_CONSTANT_CONVERSION = YES;
				CLANG_WARN_DEPRECATED_OBJC_IMPLEMENTATIONS = YES;
				CLANG_WARN_DIRECT_OBJC_ISA_USAGE = YES_ERROR;
				CLANG_WARN_DOCUMENTATION_COMMENTS = YES;
				CLANG_WARN_EMPTY_BODY = YES;
				CLANG_WARN_ENUM_CONVERSION = YES;
				CLANG_WARN_INFINITE_RECURSION = YES;
				CLANG_WARN_INT_CONVERSION = YES;
				CLANG_WARN_NON_LITERAL_NULL_CONVERSION = YES;
				CLANG_WARN_OBJC_IMPLICIT_RETAIN_SELF = YES;
				CLANG_WARN_OBJC_LITERAL_CONVERSION = YES;
				CLANG_WARN_OBJC_ROOT_CLASS = YES_ERROR;
				CLANG_WARN_QUOTED_INCLUDE_IN_FRAMEWORK_HEADER = YES;
				CLANG_WARN_RANGE_LOOP_ANALYSIS = YES;
				CLANG_WARN_STRICT_PROTOTYPES = YES;
				CLANG_WARN_SUSPICIOUS_MOVE = YES;
				CLANG_WARN_UNGUARDED_AVAILABILITY = YES_AGGRESSIVE;
				CLANG_WARN_UNREACHABLE_CODE = YES;
				CLANG_WARN__DUPLICATE_METHOD_MATCH = YES;
				COPY_PHASE_STRIP = NO;
				DEBUG_INFORMATION_FORMAT = "dwarf-with-dsym";
				ENABLE_NS_ASSERTIONS = NO;
				ENABLE_STRICT_OBJC_MSGSEND = YES;
				ENABLE_USER_SCRIPT_SANDBOXING = YES;
				GCC_C_LANGUAGE_STANDARD = gnu17;
				GCC_NO_COMMON_BLOCKS = YES;
				GCC_WARN_64_TO_32_BIT_CONVERSION = YES;
				GCC_WARN_ABOUT_RETURN_TYPE = YES_ERROR;
				GCC_WARN_UNDECLARED_SELECTOR = YES;
				GCC_WARN_UNINITIALIZED_AUTOS = YES_AGGRESSIVE;
				GCC_WARN_UNUSED_FUNCTION = YES;
				GCC_WARN_UNUSED_VARIABLE = YES;
				LOCALIZATION_PREFERS_STRING_CATALOGS = YES;
				MTL_ENABLE_DEBUG_INFO = NO;
				MTL_FAST_MATH = YES;
				SDKROOT = xros;
				STRING_CATALOG_GENERATE_SYMBOLS = YES;
				SWIFT_COMPILATION_MODE = wholemodule;
				SWIFT_VERSION = 6.0;
				XROS_DEPLOYMENT_TARGET = 26.0;
			};
			name = Release;
		};
		AA000000000000000000000B /* Debug */ = {
			isa = XCBuildConfiguration;
			baseConfigurationReference = AA0000000000000000000013 /* Signing.xcconfig */;
			buildSettings = {
				ASSETCATALOG_COMPILER_APPICON_NAME = AppIcon;
				ASSETCATALOG_COMPILER_GLOBAL_ACCENT_COLOR_NAME = AccentColor;
				CODE_SIGN_ENTITLEMENTS = Labstream/Labstream.entitlements;
				CODE_SIGN_STYLE = Automatic;
				CURRENT_PROJECT_VERSION = 1;
				ENABLE_PREVIEWS = YES;
				GENERATE_INFOPLIST_FILE = YES;
				INFOPLIST_FILE = Config/Info.plist;
				INFOPLIST_KEY_CFBundleDisplayName = Labstream;
				INFOPLIST_KEY_UIApplicationSceneManifest_Generation = YES;
				INFOPLIST_KEY_UILaunchScreen_Generation = YES;
				"INFOPLIST_KEY_UISupportedInterfaceOrientations[sdk=xros*]" = UIInterfaceOrientationPortrait;
				LABSTREAM_BUILD_DATE_UTC = unknown;
				LABSTREAM_BUILD_SLUG = dev;
				LD_RUNPATH_SEARCH_PATHS = (
					"$(inherited)",
					"@executable_path/Frameworks",
				);
				MARKETING_VERSION = 1.6.0;
				PRODUCT_BUNDLE_IDENTIFIER = com.jlipworth.Labstream;
				PRODUCT_NAME = "$(TARGET_NAME)";
				SUPPORTED_PLATFORMS = "xros xrsimulator";
				SWIFT_EMIT_LOC_STRINGS = YES;
				SWIFT_VERSION = 6.0;
				TARGETED_DEVICE_FAMILY = 7;
				XROS_DEPLOYMENT_TARGET = 26.0;
			};
			name = Debug;
		};
		AA000000000000000000000C /* Release */ = {
			isa = XCBuildConfiguration;
			baseConfigurationReference = AA0000000000000000000013 /* Signing.xcconfig */;
			buildSettings = {
				ASSETCATALOG_COMPILER_APPICON_NAME = AppIcon;
				ASSETCATALOG_COMPILER_GLOBAL_ACCENT_COLOR_NAME = AccentColor;
				CODE_SIGN_ENTITLEMENTS = Labstream/Labstream.entitlements;
				CODE_SIGN_STYLE = Automatic;
				CURRENT_PROJECT_VERSION = 1;
				ENABLE_PREVIEWS = YES;
				GENERATE_INFOPLIST_FILE = YES;
				INFOPLIST_FILE = Config/Info.plist;
				INFOPLIST_KEY_CFBundleDisplayName = Labstream;
				INFOPLIST_KEY_UIApplicationSceneManifest_Generation = YES;
				INFOPLIST_KEY_UILaunchScreen_Generation = YES;
				"INFOPLIST_KEY_UISupportedInterfaceOrientations[sdk=xros*]" = UIInterfaceOrientationPortrait;
				LABSTREAM_BUILD_DATE_UTC = unknown;
				LABSTREAM_BUILD_SLUG = dev;
				LD_RUNPATH_SEARCH_PATHS = (
					"$(inherited)",
					"@executable_path/Frameworks",
				);
				MARKETING_VERSION = 1.6.0;
				PRODUCT_BUNDLE_IDENTIFIER = com.jlipworth.Labstream;
				PRODUCT_NAME = "$(TARGET_NAME)";
				SUPPORTED_PLATFORMS = "xros xrsimulator";
				SWIFT_EMIT_LOC_STRINGS = YES;
				SWIFT_VERSION = 6.0;
				TARGETED_DEVICE_FAMILY = 7;
				XROS_DEPLOYMENT_TARGET = 26.0;
			};
			name = Release;
		};
		AA0000000000000000000027 /* Debug */ = {
			isa = XCBuildConfiguration;
			baseConfigurationReference = AA0000000000000000000013 /* Signing.xcconfig */;
			buildSettings = {
				ASSETCATALOG_COMPILER_APPICON_NAME = MobileAppIcon;
				ASSETCATALOG_COMPILER_GLOBAL_ACCENT_COLOR_NAME = AccentColor;
				CODE_SIGN_STYLE = Automatic;
				CURRENT_PROJECT_VERSION = 1;
				ENABLE_PREVIEWS = YES;
				GENERATE_INFOPLIST_FILE = YES;
				INFOPLIST_FILE = Config/Info.plist;
				INFOPLIST_KEY_CFBundleDisplayName = Labstream;
				INFOPLIST_KEY_UIApplicationSceneManifest_Generation = YES;
				INFOPLIST_KEY_UIBackgroundModes = audio;
				INFOPLIST_KEY_UILaunchScreen_Generation = YES;
				INFOPLIST_KEY_UISupportedInterfaceOrientations = "UIInterfaceOrientationPortrait UIInterfaceOrientationLandscapeLeft UIInterfaceOrientationLandscapeRight";
				INFOPLIST_KEY_UISupportedInterfaceOrientations_iPad = "UIInterfaceOrientationPortrait UIInterfaceOrientationPortraitUpsideDown UIInterfaceOrientationLandscapeLeft UIInterfaceOrientationLandscapeRight";
				IPHONEOS_DEPLOYMENT_TARGET = 26.1;
				LABSTREAM_BUILD_DATE_UTC = unknown;
				LABSTREAM_BUILD_SLUG = dev;
				LD_RUNPATH_SEARCH_PATHS = (
					"$(inherited)",
					"@executable_path/Frameworks",
				);
				MARKETING_VERSION = 1.6.0;
				PRODUCT_BUNDLE_IDENTIFIER = com.jlipworth.Labstream;
				PRODUCT_NAME = Labstream;
				SDKROOT = iphoneos;
				SUPPORTED_PLATFORMS = "iphoneos iphonesimulator";
				SWIFT_EMIT_LOC_STRINGS = YES;
				SWIFT_VERSION = 6.0;
				TARGETED_DEVICE_FAMILY = "1,2";
			};
			name = Debug;
		};
		AA0000000000000000000028 /* Release */ = {
			isa = XCBuildConfiguration;
			baseConfigurationReference = AA0000000000000000000013 /* Signing.xcconfig */;
			buildSettings = {
				ASSETCATALOG_COMPILER_APPICON_NAME = MobileAppIcon;
				ASSETCATALOG_COMPILER_GLOBAL_ACCENT_COLOR_NAME = AccentColor;
				CODE_SIGN_STYLE = Automatic;
				CURRENT_PROJECT_VERSION = 1;
				ENABLE_PREVIEWS = YES;
				GENERATE_INFOPLIST_FILE = YES;
				INFOPLIST_FILE = Config/Info.plist;
				INFOPLIST_KEY_CFBundleDisplayName = Labstream;
				INFOPLIST_KEY_UIApplicationSceneManifest_Generation = YES;
				INFOPLIST_KEY_UIBackgroundModes = audio;
				INFOPLIST_KEY_UILaunchScreen_Generation = YES;
				INFOPLIST_KEY_UISupportedInterfaceOrientations = "UIInterfaceOrientationPortrait UIInterfaceOrientationLandscapeLeft UIInterfaceOrientationLandscapeRight";
				INFOPLIST_KEY_UISupportedInterfaceOrientations_iPad = "UIInterfaceOrientationPortrait UIInterfaceOrientationPortraitUpsideDown UIInterfaceOrientationLandscapeLeft UIInterfaceOrientationLandscapeRight";
				IPHONEOS_DEPLOYMENT_TARGET = 26.1;
				LABSTREAM_BUILD_DATE_UTC = unknown;
				LABSTREAM_BUILD_SLUG = dev;
				LD_RUNPATH_SEARCH_PATHS = (
					"$(inherited)",
					"@executable_path/Frameworks",
				);
				MARKETING_VERSION = 1.6.0;
				PRODUCT_BUNDLE_IDENTIFIER = com.jlipworth.Labstream;
				PRODUCT_NAME = Labstream;
				SDKROOT = iphoneos;
				SUPPORTED_PLATFORMS = "iphoneos iphonesimulator";
				SWIFT_EMIT_LOC_STRINGS = YES;
				SWIFT_VERSION = 6.0;
				TARGETED_DEVICE_FAMILY = "1,2";
			};
			name = Release;
		};
		AA0000000000000000000037 /* Debug */ = {
			isa = XCBuildConfiguration;
			baseConfigurationReference = AA0000000000000000000013 /* Signing.xcconfig */;
			buildSettings = {
				ASSETCATALOG_COMPILER_APPICON_NAME = MacAppIcon;
				ASSETCATALOG_COMPILER_GLOBAL_ACCENT_COLOR_NAME = AccentColor;
				CODE_SIGN_ENTITLEMENTS = Config/LabstreamMac.entitlements;
				CODE_SIGN_STYLE = Automatic;
				CURRENT_PROJECT_VERSION = 1;
				DEAD_CODE_STRIPPING = YES;
				ENABLE_HARDENED_RUNTIME = YES;
				ENABLE_PREVIEWS = YES;
				GENERATE_INFOPLIST_FILE = YES;
				INFOPLIST_FILE = Config/Info.plist;
				INFOPLIST_KEY_CFBundleDisplayName = Labstream;
				INFOPLIST_KEY_LSApplicationCategoryType = "public.app-category.entertainment";
				LABSTREAM_BUILD_DATE_UTC = unknown;
				LABSTREAM_BUILD_SLUG = dev;
				LABSTREAM_KEYCHAIN_SERVICE = com.visionplay.app;
				LD_RUNPATH_SEARCH_PATHS = (
					"$(inherited)",
					"@executable_path/../Frameworks",
				);
				MACOSX_DEPLOYMENT_TARGET = 26.0;
				MARKETING_VERSION = 1.6.0;
				PRODUCT_BUNDLE_IDENTIFIER = com.jlipworth.Labstream;
				PRODUCT_NAME = Labstream;
				SDKROOT = macosx;
				SUPPORTED_PLATFORMS = macosx;
				SUPPORTS_MACCATALYST = NO;
				SWIFT_EMIT_LOC_STRINGS = YES;
				SWIFT_VERSION = 6.0;
			};
			name = Debug;
		};
		AA0000000000000000000038 /* Release */ = {
			isa = XCBuildConfiguration;
			baseConfigurationReference = AA0000000000000000000013 /* Signing.xcconfig */;
			buildSettings = {
				ASSETCATALOG_COMPILER_APPICON_NAME = MacAppIcon;
				ASSETCATALOG_COMPILER_GLOBAL_ACCENT_COLOR_NAME = AccentColor;
				CODE_SIGN_ENTITLEMENTS = Config/LabstreamMac.entitlements;
				CODE_SIGN_STYLE = Automatic;
				CURRENT_PROJECT_VERSION = 1;
				DEAD_CODE_STRIPPING = YES;
				ENABLE_HARDENED_RUNTIME = YES;
				ENABLE_PREVIEWS = YES;
				GENERATE_INFOPLIST_FILE = YES;
				INFOPLIST_FILE = Config/Info.plist;
				INFOPLIST_KEY_CFBundleDisplayName = Labstream;
				INFOPLIST_KEY_LSApplicationCategoryType = "public.app-category.entertainment";
				LABSTREAM_BUILD_DATE_UTC = unknown;
				LABSTREAM_BUILD_SLUG = dev;
				LABSTREAM_KEYCHAIN_SERVICE = com.visionplay.app;
				LD_RUNPATH_SEARCH_PATHS = (
					"$(inherited)",
					"@executable_path/../Frameworks",
				);
				MACOSX_DEPLOYMENT_TARGET = 26.0;
				MARKETING_VERSION = 1.6.0;
				PRODUCT_BUNDLE_IDENTIFIER = com.jlipworth.Labstream;
				PRODUCT_NAME = Labstream;
				SDKROOT = macosx;
				SUPPORTED_PLATFORMS = macosx;
				SUPPORTS_MACCATALYST = NO;
				SWIFT_COMPILATION_MODE = wholemodule;
				SWIFT_EMIT_LOC_STRINGS = YES;
				SWIFT_VERSION = 6.0;
			};
			name = Release;
		};
		AA0000000000000000000046 /* Debug */ = {
			isa = XCBuildConfiguration;
			buildSettings = {
				BUNDLE_LOADER = "$(TEST_HOST)";
				CODE_SIGN_STYLE = Automatic;
				GENERATE_INFOPLIST_FILE = YES;
				IPHONEOS_DEPLOYMENT_TARGET = 26.1;
				PRODUCT_BUNDLE_IDENTIFIER = com.jlipworth.LabstreamTests;
				PRODUCT_NAME = "$(TARGET_NAME)";
				SDKROOT = iphoneos;
				SUPPORTED_PLATFORMS = iphonesimulator;
				SWIFT_VERSION = 6.0;
				TEST_HOST = "$(BUILT_PRODUCTS_DIR)/Labstream.app/Labstream";
			};
			name = Debug;
		};
		AA0000000000000000000047 /* Release */ = {
			isa = XCBuildConfiguration;
			buildSettings = {
				BUNDLE_LOADER = "$(TEST_HOST)";
				CODE_SIGN_STYLE = Automatic;
				GENERATE_INFOPLIST_FILE = YES;
				IPHONEOS_DEPLOYMENT_TARGET = 26.1;
				PRODUCT_BUNDLE_IDENTIFIER = com.jlipworth.LabstreamTests;
				PRODUCT_NAME = "$(TARGET_NAME)";
				SDKROOT = iphoneos;
				SUPPORTED_PLATFORMS = iphonesimulator;
				SWIFT_VERSION = 6.0;
				TEST_HOST = "$(BUILT_PRODUCTS_DIR)/Labstream.app/Labstream";
			};
			name = Release;
		};
		AA0000000000000000000056 /* Debug */ = {
			isa = XCBuildConfiguration;
			buildSettings = {
				BUNDLE_LOADER = "$(TEST_HOST)";
				CODE_SIGN_STYLE = Automatic;
				DEAD_CODE_STRIPPING = YES;
				GENERATE_INFOPLIST_FILE = YES;
				MACOSX_DEPLOYMENT_TARGET = 26.0;
				PRODUCT_BUNDLE_IDENTIFIER = com.jlipworth.LabstreamMacTests;
				PRODUCT_NAME = "$(TARGET_NAME)";
				SDKROOT = macosx;
				SUPPORTED_PLATFORMS = macosx;
				SWIFT_VERSION = 6.0;
				TEST_HOST = "$(BUILT_PRODUCTS_DIR)/Labstream.app/Contents/MacOS/Labstream";
			};
			name = Debug;
		};
		AA0000000000000000000057 /* Release */ = {
			isa = XCBuildConfiguration;
			buildSettings = {
				BUNDLE_LOADER = "$(TEST_HOST)";
				CODE_SIGN_STYLE = Automatic;
				DEAD_CODE_STRIPPING = YES;
				GENERATE_INFOPLIST_FILE = YES;
				MACOSX_DEPLOYMENT_TARGET = 26.0;
				PRODUCT_BUNDLE_IDENTIFIER = com.jlipworth.LabstreamMacTests;
				PRODUCT_NAME = "$(TARGET_NAME)";
				SDKROOT = macosx;
				SUPPORTED_PLATFORMS = macosx;
				SWIFT_VERSION = 6.0;
				TEST_HOST = "$(BUILT_PRODUCTS_DIR)/Labstream.app/Contents/MacOS/Labstream";
			};
			name = Release;
		};
		B2BEAFAF18597BC7C07A3560 /* Debug */ = {
			isa = XCBuildConfiguration;
			buildSettings = {
				CODE_SIGN_STYLE = Automatic;
				GENERATE_INFOPLIST_FILE = YES;
				PRODUCT_BUNDLE_IDENTIFIER = com.jlipworth.LabstreamTVUITests;
				PRODUCT_NAME = "$(TARGET_NAME)";
				SDKROOT = appletvos;
				SUPPORTED_PLATFORMS = appletvsimulator;
				SWIFT_VERSION = 6.0;
				TARGETED_DEVICE_FAMILY = 3;
				TEST_TARGET_NAME = LabstreamTV;
				TVOS_DEPLOYMENT_TARGET = 26.0;
			};
			name = Debug;
		};
		AA0000000000000000000079 /* Debug */ = {
			isa = XCBuildConfiguration;
			buildSettings = {
				CODE_SIGN_STYLE = Automatic;
				GENERATE_INFOPLIST_FILE = YES;
				IPHONEOS_DEPLOYMENT_TARGET = 26.1;
				PRODUCT_BUNDLE_IDENTIFIER = com.jlipworth.LabstreamMobileUITests;
				PRODUCT_NAME = "$(TARGET_NAME)";
				SDKROOT = iphoneos;
				SUPPORTED_PLATFORMS = "iphoneos iphonesimulator";
				SWIFT_VERSION = 6.0;
				TARGETED_DEVICE_FAMILY = "1,2";
				TEST_TARGET_NAME = LabstreamMobile;
			};
			name = Debug;
		};
		AA000000000000000000007A /* Release */ = {
			isa = XCBuildConfiguration;
			buildSettings = {
				CODE_SIGN_STYLE = Automatic;
				GENERATE_INFOPLIST_FILE = YES;
				IPHONEOS_DEPLOYMENT_TARGET = 26.1;
				PRODUCT_BUNDLE_IDENTIFIER = com.jlipworth.LabstreamMobileUITests;
				PRODUCT_NAME = "$(TARGET_NAME)";
				SDKROOT = iphoneos;
				SUPPORTED_PLATFORMS = "iphoneos iphonesimulator";
				SWIFT_VERSION = 6.0;
				TARGETED_DEVICE_FAMILY = "1,2";
				TEST_TARGET_NAME = LabstreamMobile;
				VALIDATE_PRODUCT = YES;
			};
			name = Release;
		};
		AA000000000000000000007B /* PerformanceAudit */ = {
			isa = XCBuildConfiguration;
			buildSettings = {
				CODE_SIGN_STYLE = Automatic;
				GENERATE_INFOPLIST_FILE = YES;
				IPHONEOS_DEPLOYMENT_TARGET = 26.1;
				PRODUCT_BUNDLE_IDENTIFIER = com.jlipworth.LabstreamMobileUITests;
				PRODUCT_NAME = "$(TARGET_NAME)";
				SDKROOT = iphoneos;
				SUPPORTED_PLATFORMS = "iphoneos iphonesimulator";
				SWIFT_VERSION = 6.0;
				TARGETED_DEVICE_FAMILY = "1,2";
				TEST_TARGET_NAME = LabstreamMobile;
			};
			name = PerformanceAudit;
		};
		C0DE00000000000000000001 /* PerformanceAudit */ = {
			isa = XCBuildConfiguration;
			buildSettings = {
				ALWAYS_SEARCH_USER_PATHS = NO;
				ASSETCATALOG_COMPILER_GENERATE_SWIFT_ASSET_SYMBOL_EXTENSIONS = YES;
				CLANG_ANALYZER_NONNULL = YES;
				CLANG_ANALYZER_NUMBER_OBJECT_CONVERSION = YES_AGGRESSIVE;
				CLANG_ENABLE_MODULES = YES;
				CLANG_ENABLE_OBJC_ARC = YES;
				CLANG_ENABLE_OBJC_WEAK = YES;
				CLANG_WARN_BLOCK_CAPTURE_AUTORELEASING = YES;
				CLANG_WARN_BOOL_CONVERSION = YES;
				CLANG_WARN_COMMA = YES;
				CLANG_WARN_CONSTANT_CONVERSION = YES;
				CLANG_WARN_DEPRECATED_OBJC_IMPLEMENTATIONS = YES;
				CLANG_WARN_DIRECT_OBJC_ISA_USAGE = YES_ERROR;
				CLANG_WARN_DOCUMENTATION_COMMENTS = YES;
				CLANG_WARN_EMPTY_BODY = YES;
				CLANG_WARN_ENUM_CONVERSION = YES;
				CLANG_WARN_INFINITE_RECURSION = YES;
				CLANG_WARN_INT_CONVERSION = YES;
				CLANG_WARN_NON_LITERAL_NULL_CONVERSION = YES;
				CLANG_WARN_OBJC_IMPLICIT_RETAIN_SELF = YES;
				CLANG_WARN_OBJC_LITERAL_CONVERSION = YES;
				CLANG_WARN_OBJC_ROOT_CLASS = YES_ERROR;
				CLANG_WARN_QUOTED_INCLUDE_IN_FRAMEWORK_HEADER = YES;
				CLANG_WARN_RANGE_LOOP_ANALYSIS = YES;
				CLANG_WARN_STRICT_PROTOTYPES = YES;
				CLANG_WARN_SUSPICIOUS_MOVE = YES;
				CLANG_WARN_UNGUARDED_AVAILABILITY = YES_AGGRESSIVE;
				CLANG_WARN_UNREACHABLE_CODE = YES;
				CLANG_WARN__DUPLICATE_METHOD_MATCH = YES;
				COPY_PHASE_STRIP = NO;
				DEBUG_INFORMATION_FORMAT = "dwarf-with-dsym";
				ENABLE_NS_ASSERTIONS = NO;
				ENABLE_STRICT_OBJC_MSGSEND = YES;
				ENABLE_USER_SCRIPT_SANDBOXING = YES;
				GCC_C_LANGUAGE_STANDARD = gnu17;
				GCC_NO_COMMON_BLOCKS = YES;
				GCC_WARN_64_TO_32_BIT_CONVERSION = YES;
				GCC_WARN_ABOUT_RETURN_TYPE = YES_ERROR;
				GCC_WARN_UNDECLARED_SELECTOR = YES;
				GCC_WARN_UNINITIALIZED_AUTOS = YES_AGGRESSIVE;
				GCC_WARN_UNUSED_FUNCTION = YES;
				GCC_WARN_UNUSED_VARIABLE = YES;
				LOCALIZATION_PREFERS_STRING_CATALOGS = YES;
				MTL_ENABLE_DEBUG_INFO = NO;
				MTL_FAST_MATH = YES;
				SDKROOT = xros;
				STRING_CATALOG_GENERATE_SYMBOLS = YES;
				SWIFT_ACTIVE_COMPILATION_CONDITIONS = "PERFORMANCE_AUDIT $(inherited)";
				SWIFT_COMPILATION_MODE = wholemodule;
				SWIFT_VERSION = 6.0;
				XROS_DEPLOYMENT_TARGET = 26.0;
			};
			name = PerformanceAudit;
		};
		C0DE00000000000000000002 /* PerformanceAudit */ = {
			isa = XCBuildConfiguration;
			baseConfigurationReference = AA0000000000000000000013 /* Signing.xcconfig */;
			buildSettings = {
				ASSETCATALOG_COMPILER_APPICON_NAME = AppIcon;
				ASSETCATALOG_COMPILER_GLOBAL_ACCENT_COLOR_NAME = AccentColor;
				CODE_SIGN_ENTITLEMENTS = Labstream/Labstream.entitlements;
				CODE_SIGN_STYLE = Automatic;
				CURRENT_PROJECT_VERSION = 1;
				ENABLE_PREVIEWS = YES;
				GENERATE_INFOPLIST_FILE = YES;
				INFOPLIST_FILE = Config/Info.plist;
				INFOPLIST_KEY_CFBundleDisplayName = Labstream;
				INFOPLIST_KEY_UIApplicationSceneManifest_Generation = YES;
				INFOPLIST_KEY_UILaunchScreen_Generation = YES;
				"INFOPLIST_KEY_UISupportedInterfaceOrientations[sdk=xros*]" = UIInterfaceOrientationPortrait;
				LABSTREAM_BUILD_DATE_UTC = unknown;
				LABSTREAM_BUILD_SLUG = dev;
				LD_RUNPATH_SEARCH_PATHS = (
					"$(inherited)",
					"@executable_path/Frameworks",
				);
				MARKETING_VERSION = 1.6.0;
				PRODUCT_BUNDLE_IDENTIFIER = com.jlipworth.Labstream;
				PRODUCT_NAME = "$(TARGET_NAME)";
				SUPPORTED_PLATFORMS = "xros xrsimulator";
				SWIFT_EMIT_LOC_STRINGS = YES;
				SWIFT_VERSION = 6.0;
				TARGETED_DEVICE_FAMILY = 7;
				XROS_DEPLOYMENT_TARGET = 26.0;
			};
			name = PerformanceAudit;
		};
		C0DE00000000000000000003 /* PerformanceAudit */ = {
			isa = XCBuildConfiguration;
			baseConfigurationReference = AA0000000000000000000013 /* Signing.xcconfig */;
			buildSettings = {
				ASSETCATALOG_COMPILER_APPICON_NAME = MobileAppIcon;
				ASSETCATALOG_COMPILER_GLOBAL_ACCENT_COLOR_NAME = AccentColor;
				CODE_SIGN_STYLE = Automatic;
				CURRENT_PROJECT_VERSION = 1;
				ENABLE_PREVIEWS = YES;
				GENERATE_INFOPLIST_FILE = YES;
				INFOPLIST_FILE = Config/Info.plist;
				INFOPLIST_KEY_CFBundleDisplayName = Labstream;
				INFOPLIST_KEY_UIApplicationSceneManifest_Generation = YES;
				INFOPLIST_KEY_UIBackgroundModes = audio;
				INFOPLIST_KEY_UILaunchScreen_Generation = YES;
				INFOPLIST_KEY_UISupportedInterfaceOrientations = "UIInterfaceOrientationPortrait UIInterfaceOrientationLandscapeLeft UIInterfaceOrientationLandscapeRight";
				INFOPLIST_KEY_UISupportedInterfaceOrientations_iPad = "UIInterfaceOrientationPortrait UIInterfaceOrientationPortraitUpsideDown UIInterfaceOrientationLandscapeLeft UIInterfaceOrientationLandscapeRight";
				IPHONEOS_DEPLOYMENT_TARGET = 26.1;
				LABSTREAM_BUILD_DATE_UTC = unknown;
				LABSTREAM_BUILD_SLUG = dev;
				LD_RUNPATH_SEARCH_PATHS = (
					"$(inherited)",
					"@executable_path/Frameworks",
				);
				MARKETING_VERSION = 1.6.0;
				PRODUCT_BUNDLE_IDENTIFIER = com.jlipworth.Labstream;
				PRODUCT_NAME = Labstream;
				SDKROOT = iphoneos;
				SUPPORTED_PLATFORMS = "iphoneos iphonesimulator";
				SWIFT_EMIT_LOC_STRINGS = YES;
				SWIFT_VERSION = 6.0;
				TARGETED_DEVICE_FAMILY = "1,2";
			};
			name = PerformanceAudit;
		};
		C0DE00000000000000000004 /* PerformanceAudit */ = {
			isa = XCBuildConfiguration;
			baseConfigurationReference = AA0000000000000000000013 /* Signing.xcconfig */;
			buildSettings = {
				ASSETCATALOG_COMPILER_APPICON_NAME = MacAppIcon;
				ASSETCATALOG_COMPILER_GLOBAL_ACCENT_COLOR_NAME = AccentColor;
				CODE_SIGN_ENTITLEMENTS = Config/LabstreamMac.entitlements;
				CODE_SIGN_STYLE = Automatic;
				CURRENT_PROJECT_VERSION = 1;
				DEAD_CODE_STRIPPING = YES;
				ENABLE_HARDENED_RUNTIME = YES;
				ENABLE_PREVIEWS = YES;
				GENERATE_INFOPLIST_FILE = YES;
				INFOPLIST_FILE = Config/Info.plist;
				INFOPLIST_KEY_CFBundleDisplayName = Labstream;
				INFOPLIST_KEY_LSApplicationCategoryType = "public.app-category.entertainment";
				LABSTREAM_BUILD_DATE_UTC = unknown;
				LABSTREAM_BUILD_SLUG = dev;
				LABSTREAM_KEYCHAIN_SERVICE = com.visionplay.app;
				LD_RUNPATH_SEARCH_PATHS = (
					"$(inherited)",
					"@executable_path/../Frameworks",
				);
				MACOSX_DEPLOYMENT_TARGET = 26.0;
				MARKETING_VERSION = 1.6.0;
				PRODUCT_BUNDLE_IDENTIFIER = com.jlipworth.Labstream;
				PRODUCT_NAME = Labstream;
				SDKROOT = macosx;
				SUPPORTED_PLATFORMS = macosx;
				SUPPORTS_MACCATALYST = NO;
				SWIFT_COMPILATION_MODE = wholemodule;
				SWIFT_EMIT_LOC_STRINGS = YES;
				SWIFT_VERSION = 6.0;
			};
			name = PerformanceAudit;
		};
		C0DE00000000000000000007 /* PerformanceAudit */ = {
			isa = XCBuildConfiguration;
			baseConfigurationReference = AA0000000000000000000013 /* Signing.xcconfig */;
			buildSettings = {
				ASSETCATALOG_COMPILER_APPICON_NAME = TVAppIcon;
				ASSETCATALOG_COMPILER_GLOBAL_ACCENT_COLOR_NAME = AccentColor;
				CODE_SIGN_STYLE = Automatic;
				CURRENT_PROJECT_VERSION = 1;
				ENABLE_PREVIEWS = YES;
				GENERATE_INFOPLIST_FILE = YES;
				INFOPLIST_FILE = "Config/Info-tvOS.plist";
				INFOPLIST_KEY_CFBundleDisplayName = Labstream;
				INFOPLIST_KEY_UIApplicationSceneManifest_Generation = YES;
				INFOPLIST_KEY_UIBackgroundModes = audio;
				INFOPLIST_KEY_UILaunchScreen_Generation = YES;
				LABSTREAM_BUILD_DATE_UTC = unknown;
				LABSTREAM_BUILD_SLUG = dev;
				LD_RUNPATH_SEARCH_PATHS = (
					"$(inherited)",
					"@executable_path/Frameworks",
				);
				MARKETING_VERSION = 1.6.0;
				PRODUCT_BUNDLE_IDENTIFIER = com.jlipworth.Labstream;
				PRODUCT_NAME = Labstream;
				SDKROOT = appletvos;
				SUPPORTED_PLATFORMS = "appletvos appletvsimulator";
				SWIFT_COMPILATION_MODE = wholemodule;
				SWIFT_EMIT_LOC_STRINGS = YES;
				SWIFT_VERSION = 6.0;
				TARGETED_DEVICE_FAMILY = 3;
				TVOS_DEPLOYMENT_TARGET = 26.0;
			};
			name = PerformanceAudit;
		};
		D39759F53ED74BFB333F2A2B /* Debug */ = {
			isa = XCBuildConfiguration;
			buildSettings = {
				BUNDLE_LOADER = "$(TEST_HOST)";
				CODE_SIGN_STYLE = Automatic;
				GENERATE_INFOPLIST_FILE = YES;
				PRODUCT_BUNDLE_IDENTIFIER = com.jlipworth.LabstreamTVTests;
				PRODUCT_NAME = "$(TARGET_NAME)";
				SDKROOT = appletvos;
				SUPPORTED_PLATFORMS = appletvsimulator;
				SWIFT_VERSION = 6.0;
				TARGETED_DEVICE_FAMILY = 3;
				TEST_HOST = "$(BUILT_PRODUCTS_DIR)/Labstream.app/Labstream";
				TVOS_DEPLOYMENT_TARGET = 26.0;
			};
			name = Debug;
		};
		E6E7E785A4590EB1569C85C0 /* Release */ = {
			isa = XCBuildConfiguration;
			buildSettings = {
				BUNDLE_LOADER = "$(TEST_HOST)";
				CODE_SIGN_STYLE = Automatic;
				GENERATE_INFOPLIST_FILE = YES;
				PRODUCT_BUNDLE_IDENTIFIER = com.jlipworth.LabstreamTVTests;
				PRODUCT_NAME = "$(TARGET_NAME)";
				SDKROOT = appletvos;
				SUPPORTED_PLATFORMS = appletvsimulator;
				SWIFT_VERSION = 6.0;
				TARGETED_DEVICE_FAMILY = 3;
				TEST_HOST = "$(BUILT_PRODUCTS_DIR)/Labstream.app/Labstream";
				TVOS_DEPLOYMENT_TARGET = 26.0;
				VALIDATE_PRODUCT = YES;
			};
			name = Release;
		};
		F9234045121BCE61F6BD14AD /* Release */ = {
			isa = XCBuildConfiguration;
			baseConfigurationReference = AA0000000000000000000013 /* Signing.xcconfig */;
			buildSettings = {
				ASSETCATALOG_COMPILER_APPICON_NAME = TVAppIcon;
				ASSETCATALOG_COMPILER_GLOBAL_ACCENT_COLOR_NAME = AccentColor;
				CODE_SIGN_STYLE = Automatic;
				CURRENT_PROJECT_VERSION = 1;
				ENABLE_PREVIEWS = YES;
				GENERATE_INFOPLIST_FILE = YES;
				INFOPLIST_FILE = "Config/Info-tvOS.plist";
				INFOPLIST_KEY_CFBundleDisplayName = Labstream;
				INFOPLIST_KEY_UIApplicationSceneManifest_Generation = YES;
				INFOPLIST_KEY_UIBackgroundModes = audio;
				INFOPLIST_KEY_UILaunchScreen_Generation = YES;
				LABSTREAM_BUILD_DATE_UTC = unknown;
				LABSTREAM_BUILD_SLUG = dev;
				LD_RUNPATH_SEARCH_PATHS = (
					"$(inherited)",
					"@executable_path/Frameworks",
				);
				MARKETING_VERSION = 1.6.0;
				PRODUCT_BUNDLE_IDENTIFIER = com.jlipworth.Labstream;
				PRODUCT_NAME = Labstream;
				SDKROOT = appletvos;
				SUPPORTED_PLATFORMS = "appletvos appletvsimulator";
				SWIFT_COMPILATION_MODE = wholemodule;
				SWIFT_EMIT_LOC_STRINGS = YES;
				SWIFT_VERSION = 6.0;
				TARGETED_DEVICE_FAMILY = 3;
				TVOS_DEPLOYMENT_TARGET = 26.0;
			};
			name = Release;
		};
		FB1FE45ABDD78436513EBE8A /* Debug */ = {
			isa = XCBuildConfiguration;
			baseConfigurationReference = AA0000000000000000000013 /* Signing.xcconfig */;
			buildSettings = {
				ASSETCATALOG_COMPILER_APPICON_NAME = TVAppIcon;
				ASSETCATALOG_COMPILER_GLOBAL_ACCENT_COLOR_NAME = AccentColor;
				CODE_SIGN_STYLE = Automatic;
				CURRENT_PROJECT_VERSION = 1;
				ENABLE_PREVIEWS = YES;
				GENERATE_INFOPLIST_FILE = YES;
				INFOPLIST_FILE = "Config/Info-tvOS.plist";
				INFOPLIST_KEY_CFBundleDisplayName = Labstream;
				INFOPLIST_KEY_UIApplicationSceneManifest_Generation = YES;
				INFOPLIST_KEY_UIBackgroundModes = audio;
				INFOPLIST_KEY_UILaunchScreen_Generation = YES;
				LABSTREAM_BUILD_DATE_UTC = unknown;
				LABSTREAM_BUILD_SLUG = dev;
				LD_RUNPATH_SEARCH_PATHS = (
					"$(inherited)",
					"@executable_path/Frameworks",
				);
				MARKETING_VERSION = 1.6.0;
				PRODUCT_BUNDLE_IDENTIFIER = com.jlipworth.Labstream;
				PRODUCT_NAME = Labstream;
				SDKROOT = appletvos;
				SUPPORTED_PLATFORMS = "appletvos appletvsimulator";
				SWIFT_EMIT_LOC_STRINGS = YES;
				SWIFT_VERSION = 6.0;
				TARGETED_DEVICE_FAMILY = 3;
				TVOS_DEPLOYMENT_TARGET = 26.0;
			};
			name = Debug;
		};
/* End XCBuildConfiguration section */

/* Begin XCConfigurationList section */
		1F735C8C309C0B366CAE09F6 /* Build configuration list for PBXNativeTarget "LabstreamTV" */ = {
			isa = XCConfigurationList;
			buildConfigurations = (
				F9234045121BCE61F6BD14AD /* Release */,
				C0DE00000000000000000007 /* PerformanceAudit */,
				FB1FE45ABDD78436513EBE8A /* Debug */,
			);
			defaultConfigurationIsVisible = 0;
			defaultConfigurationName = Release;
		};
		A28004A7BA04525729A64665 /* Build configuration list for PBXNativeTarget "LabstreamTVUITests" */ = {
			isa = XCConfigurationList;
			buildConfigurations = (
				282248E2CE0037B1DFE0BE2B /* Release */,
				B2BEAFAF18597BC7C07A3560 /* Debug */,
				6987E1CB3012066E006B9811 /* PerformanceAudit */,
			);
			defaultConfigurationIsVisible = 0;
			defaultConfigurationName = Release;
		};
		AA0000000000000000000078 /* Build configuration list for PBXNativeTarget "LabstreamMobileUITests" */ = {
			isa = XCConfigurationList;
			buildConfigurations = (
				AA0000000000000000000079 /* Debug */,
				AA000000000000000000007A /* Release */,
				AA000000000000000000007B /* PerformanceAudit */,
			);
			defaultConfigurationIsVisible = 0;
			defaultConfigurationName = Release;
		};
		AA0000000000000000000007 /* Build configuration list for PBXProject "Labstream" */ = {
			isa = XCConfigurationList;
			buildConfigurations = (
				AA0000000000000000000009 /* Debug */,
				AA000000000000000000000A /* Release */,
				C0DE00000000000000000001 /* PerformanceAudit */,
			);
			defaultConfigurationIsVisible = 0;
			defaultConfigurationName = Release;
		};
		AA0000000000000000000008 /* Build configuration list for PBXNativeTarget "Labstream" */ = {
			isa = XCConfigurationList;
			buildConfigurations = (
				AA000000000000000000000B /* Debug */,
				AA000000000000000000000C /* Release */,
				C0DE00000000000000000002 /* PerformanceAudit */,
			);
			defaultConfigurationIsVisible = 0;
			defaultConfigurationName = Release;
		};
		AA0000000000000000000026 /* Build configuration list for PBXNativeTarget "LabstreamMobile" */ = {
			isa = XCConfigurationList;
			buildConfigurations = (
				AA0000000000000000000027 /* Debug */,
				AA0000000000000000000028 /* Release */,
				C0DE00000000000000000003 /* PerformanceAudit */,
			);
			defaultConfigurationIsVisible = 0;
			defaultConfigurationName = Release;
		};
		AA0000000000000000000036 /* Build configuration list for PBXNativeTarget "LabstreamMac" */ = {
			isa = XCConfigurationList;
			buildConfigurations = (
				AA0000000000000000000037 /* Debug */,
				AA0000000000000000000038 /* Release */,
				C0DE00000000000000000004 /* PerformanceAudit */,
			);
			defaultConfigurationIsVisible = 0;
			defaultConfigurationName = Release;
		};
		AA0000000000000000000048 /* Build configuration list for PBXNativeTarget "LabstreamTests" */ = {
			isa = XCConfigurationList;
			buildConfigurations = (
				AA0000000000000000000046 /* Debug */,
				AA0000000000000000000047 /* Release */,
				6987E1C83012066E006B9811 /* PerformanceAudit */,
			);
			defaultConfigurationIsVisible = 0;
			defaultConfigurationName = Release;
		};
		AA0000000000000000000058 /* Build configuration list for PBXNativeTarget "LabstreamMacTests" */ = {
			isa = XCConfigurationList;
			buildConfigurations = (
				AA0000000000000000000056 /* Debug */,
				AA0000000000000000000057 /* Release */,
				6987E1C93012066E006B9811 /* PerformanceAudit */,
			);
			defaultConfigurationIsVisible = 0;
			defaultConfigurationName = Release;
		};
		F73B9B138F4C4F880B15A1D2 /* Build configuration list for PBXNativeTarget "LabstreamTVTests" */ = {
			isa = XCConfigurationList;
			buildConfigurations = (
				E6E7E785A4590EB1569C85C0 /* Release */,
				D39759F53ED74BFB333F2A2B /* Debug */,
				6987E1CA3012066E006B9811 /* PerformanceAudit */,
			);
			defaultConfigurationIsVisible = 0;
			defaultConfigurationName = Release;
		};
/* End XCConfigurationList section */

/* Begin XCLocalSwiftPackageReference section */
		AA0000000000000000000012 /* XCLocalSwiftPackageReference "PMSKit" */ = {
			isa = XCLocalSwiftPackageReference;
			relativePath = PMSKit;
		};
/* End XCLocalSwiftPackageReference section */

/* Begin XCSwiftPackageProductDependency section */
		AA0000000000000000000011 /* PMSKit */ = {
			isa = XCSwiftPackageProductDependency;
			productName = PMSKit;
		};
/* End XCSwiftPackageProductDependency section */
	};
	rootObject = AA0000000000000000000001 /* Project object */;
}
